
Microsoft Visual Studio Solution File, Format Version 12.00
# Visual Studio Version 16
VisualStudioVersion = 16.0.32228.343
MinimumVisualStudioVersion = 10.0.40219.1
Project("{8BC9CEB8-8B4A-11D0-8D11-00A0C91BC942}") = "Template", "Template\Template.vcxproj", "{0DF109BD-69FB-4CEB-8872-CDEF3776F943}"
EndProject
Project("{8BC9CEB8-8B4A-11D0-8D11-00A0C91BC942}") = "Override", "Override\Override.vcxproj", "{455C3171-E80C-4228-BEC2-A77D757055D8}"
EndProject
Global
	GlobalSection(SolutionConfigurationPlatforms) = preSolution
		Debug|x64 = Debug|x64
		Debug|x86 = Debug|x86
		Release|x64 = Release|x64
		Release|x86 = Release|x86
	EndGlobalSection
	GlobalSection(ProjectConfigurationPlatforms) = postSolution
		{0DF109BD-69FB-4CEB-8872-CDEF3776F943}.Debug|x64.ActiveCfg = Debug|x64
		{0DF109BD-69FB-4CEB-8872-CDEF3776F943}.Debug|x64.Build.0 = Debug|x64
		{0DF109BD-69FB-4CEB-8872-CDEF3776F943}.Debug|x86.ActiveCfg = Debug|Win32
		{0DF109BD-69FB-4CEB-8872-CDEF3776F943}.Debug|x86.Build.0 = Debug|Win32
		{0DF109BD-69FB-4CEB-8872-CDEF3776F943}.Release|x64.ActiveCfg = Release|x64
		{0DF109BD-69FB-4CEB-8872-CDEF3776F943}.Release|x64.Build.0 = Release|x64
		{0DF109BD-69FB-4CEB-8872-CDEF3776F943}.Release|x86.ActiveCfg = Release|Win32
		{0DF109BD-69FB-4CEB-8872-CDEF3776F943}.Release|x86.Build.0 = Release|Win32
		{455C3171-E80C-4228-BEC2-A77D757055D8}.Debug|x64.ActiveCfg = Debug|x64
		{455C3171-E80C-4228-BEC2-A77D757055D8}.Debug|x64.Build.0 = Debug|x64
		{455C3171-E80C-4228-BEC2-A77D757055D8}.Debug|x86.ActiveCfg = Debug|Win32
		{455C3171-E80C-4228-BEC2-A77D757055D8}.Debug|x86.Build.0 = Debug|Win32
		{455C3171-E80C-4228-BEC2-A77D757055D8}.Release|x64.ActiveCfg = Release|x64
		{455C3171-E80C-4228-BEC2-A77D757055D8}.Release|x64.Build.0 = Release|x64
		{455C3171-E80C-4228-BEC2-A77D757055D8}.Release|x86.ActiveCfg = Release|Win32
		{455C3171-E80C-4228-BEC2-A77D757055D8}.Release|x86.Build.0 = Release|Win32
	EndGlobalSection
	GlobalSection(SolutionProperties) = preSolution
		HideSolutionNode = FALSE
	EndGlobalSection
	GlobalSection(ExtensibilityGlobals) = postSolution
		SolutionGuid = {2149F232-049A-4343-90C1-76173826908B}
	EndGlobalSection
EndGlobal
